
Microsoft Visual Studio Solution File, Format Version 12.00
# Visual Studio Version 16
VisualStudioVersion = 16.0.32802.440
MinimumVisualStudioVersion = 10.0.40219.1
Project("{8BC9CEB8-8B4A-11D0-8D11-00A0C91BC942}") = "Example4.15", "Example4.15.vcxproj", "{EA5D4367-86DB-4380-8ADC-565E9B0B470B}"
EndProject
Global
	GlobalSection(SolutionConfigurationPlatforms) = preSolution
		Debug|x64 = Debug|x64
		Debug|x86 = Debug|x86
		Release|x64 = Release|x64
		Release|x86 = Release|x86
	EndGlobalSection
	GlobalSection(ProjectConfigurationPlatforms) = postSolution
		{EA5D4367-86DB-4380-8ADC-565E9B0B470B}.Debug|x64.ActiveCfg = Debug|x64
		{EA5D4367-86DB-4380-8ADC-565E9B0B470B}.Debug|x64.Build.0 = Debug|x64
		{EA5D4367-86DB-4380-8ADC-565E9B0B470B}.Debug|x86.ActiveCfg = Debug|Win32
		{EA5D4367-86DB-4380-8ADC-565E9B0B470B}.Debug|x86.Build.0 = Debug|Win32
		{EA5D4367-86DB-4380-8ADC-565E9B0B470B}.Release|x64.ActiveCfg = Release|x64
		{EA5D4367-86DB-4380-8ADC-565E9B0B470B}.Release|x64.Build.0 = Release|x64
		{EA5D4367-86DB-4380-8ADC-565E9B0B470B}.Release|x86.ActiveCfg = Release|Win32
		{EA5D4367-86DB-4380-8ADC-565E9B0B470B}.Release|x86.Build.0 = Release|Win32
	EndGlobalSection
	GlobalSection(SolutionProperties) = preSolution
		HideSolutionNode = FALSE
	EndGlobalSection
	GlobalSection(ExtensibilityGlobals) = postSolution
		SolutionGuid = {025F267C-A870-4F78-9464-D481A02DCB97}
	EndGlobalSection
EndGlobal
